
Microsoft Visual Studio Solution File, Format Version 12.00
# Visual Studio Version 17
VisualStudioVersion = 17.3.32804.467
MinimumVisualStudioVersion = 10.0.40219.1
Project("{9A19103F-16F7-4668-BE54-9A1E7A4F7556}") = "KinMai.Api", "KinMai.Api\KinMai.Api.csproj", "{C9CAC138-0D38-42DF-8F94-A75F832445AB}"
EndProject
Project("{9A19103F-16F7-4668-BE54-9A1E7A4F7556}") = "KinMai.UnitTests", "KinMai.UnitTests\KinMai.UnitTests.csproj", "{DD9F96AF-8DBC-4B45-A505-851940B6C316}"
EndProject
Project("{9A19103F-16F7-4668-BE54-9A1E7A4F7556}") = "KinMai.Logic", "KinMai.Logic\KinMai.Logic.csproj", "{E1BACCC1-001C-44F8-9CFE-62D703B6E99D}"
EndProject
Project("{9A19103F-16F7-4668-BE54-9A1E7A4F7556}") = "KinMai.Common", "KinMai.Common\KinMai.Common.csproj", "{0C6B66A5-2F7C-4904-97DD-DB6A99E87B2B}"
EndProject
Project("{9A19103F-16F7-4668-BE54-9A1E7A4F7556}") = "KinMai.Authentication", "KinMai.Authentication\KinMai.Authentication.csproj", "{F805849B-6B22-417B-B9A9-35CC439F18F5}"
EndProject
Project("{FAE04EC0-301F-11D3-BF4B-00C04F79EFBC}") = "KinMai.AWS.DynamoDB", "KinMai.AWS.DynamoDB\KinMai.AWS.DynamoDB.csproj", "{A5ED1109-65A1-40F9-88D7-83D87F78B426}"
EndProject
Global
	GlobalSection(SolutionConfigurationPlatforms) = preSolution
		Debug|Any CPU = Debug|Any CPU
		Release|Any CPU = Release|Any CPU
	EndGlobalSection
	GlobalSection(ProjectConfigurationPlatforms) = postSolution
		{C9CAC138-0D38-42DF-8F94-A75F832445AB}.Debug|Any CPU.ActiveCfg = Debug|Any CPU
		{C9CAC138-0D38-42DF-8F94-A75F832445AB}.Debug|Any CPU.Build.0 = Debug|Any CPU
		{C9CAC138-0D38-42DF-8F94-A75F832445AB}.Release|Any CPU.ActiveCfg = Release|Any CPU
		{C9CAC138-0D38-42DF-8F94-A75F832445AB}.Release|Any CPU.Build.0 = Release|Any CPU
		{DD9F96AF-8DBC-4B45-A505-851940B6C316}.Debug|Any CPU.ActiveCfg = Debug|Any CPU
		{DD9F96AF-8DBC-4B45-A505-851940B6C316}.Debug|Any CPU.Build.0 = Debug|Any CPU
		{DD9F96AF-8DBC-4B45-A505-851940B6C316}.Release|Any CPU.ActiveCfg = Release|Any CPU
		{DD9F96AF-8DBC-4B45-A505-851940B6C316}.Release|Any CPU.Build.0 = Release|Any CPU
		{E1BACCC1-001C-44F8-9CFE-62D703B6E99D}.Debug|Any CPU.ActiveCfg = Debug|Any CPU
		{E1BACCC1-001C-44F8-9CFE-62D703B6E99D}.Debug|Any CPU.Build.0 = Debug|Any CPU
		{E1BACCC1-001C-44F8-9CFE-62D703B6E99D}.Release|Any CPU.ActiveCfg = Release|Any CPU
		{E1BACCC1-001C-44F8-9CFE-62D703B6E99D}.Release|Any CPU.Build.0 = Release|Any CPU
		{0C6B66A5-2F7C-4904-97DD-DB6A99E87B2B}.Debug|Any CPU.ActiveCfg = Debug|Any CPU
		{0C6B66A5-2F7C-4904-97DD-DB6A99E87B2B}.Debug|Any CPU.Build.0 = Debug|Any CPU
		{0C6B66A5-2F7C-4904-97DD-DB6A99E87B2B}.Release|Any CPU.ActiveCfg = Release|Any CPU
		{0C6B66A5-2F7C-4904-97DD-DB6A99E87B2B}.Release|Any CPU.Build.0 = Release|Any CPU
		{F805849B-6B22-417B-B9A9-35CC439F18F5}.Debug|Any CPU.ActiveCfg = Debug|Any CPU
		{F805849B-6B22-417B-B9A9-35CC439F18F5}.Debug|Any CPU.Build.0 = Debug|Any CPU
		{F805849B-6B22-417B-B9A9-35CC439F18F5}.Release|Any CPU.ActiveCfg = Release|Any CPU
		{F805849B-6B22-417B-B9A9-35CC439F18F5}.Release|Any CPU.Build.0 = Release|Any CPU
		{A5ED1109-65A1-40F9-88D7-83D87F78B426}.Debug|Any CPU.ActiveCfg = Debug|Any CPU
		{A5ED1109-65A1-40F9-88D7-83D87F78B426}.Debug|Any CPU.Build.0 = Debug|Any CPU
		{A5ED1109-65A1-40F9-88D7-83D87F78B426}.Release|Any CPU.ActiveCfg = Release|Any CPU
		{A5ED1109-65A1-40F9-88D7-83D87F78B426}.Release|Any CPU.Build.0 = Release|Any CPU
	EndGlobalSection
	GlobalSection(SolutionProperties) = preSolution
		HideSolutionNode = FALSE
	EndGlobalSection
	GlobalSection(ExtensibilityGlobals) = postSolution
		SolutionGuid = {ABB4655D-DD24-427D-8383-FFC3DA450038}
	EndGlobalSection
EndGlobal
